{
  "name": "install-policy-integration-root",
  "version": "1.0.0",
  "lockfileVersion": 3,
  "requires": true,
  "packages": {
    "": {
      "name": "install-policy-integration-root",
      "version": "1.0.0",
      "dependencies": {
        "lifecycle-side-effect": "file:./lifecycle-side-effect"
      }
    },
    "lifecycle-side-effect": {
      "version": "1.0.0",
      "hasInstallScript": true
    },
    "node_modules/lifecycle-side-effect": {
      "resolved": "lifecycle-side-effect",
      "link": true
    }
  }
}
